// !$*UTF8*$!
{
	archiveVersion = 1;
	classes = {
	};
	objectVersion = 56;
	objects = {

/* Begin PBXBuildFile section */
		B706D9142A02906600462D26 /* ChatUser.swift in Sources */ = {isa = PBXBuildFile; fileRef = B706D9132A02906600462D26 /* ChatUser.swift */; };
		B76F5B5F2A0007B100D319E4 /* SwiftUIChatFirebaseApp.swift in Sources */ = {isa = PBXBuildFile; fileRef = B76F5B5E2A0007B100D319E4 /* SwiftUIChatFirebaseApp.swift */; };
		B76F5B612A0007B100D319E4 /* LoginView.swift in Sources */ = {isa = PBXBuildFile; fileRef = B76F5B602A0007B100D319E4 /* LoginView.swift */; };
		B76F5B632A0007B200D319E4 /* Assets.xcassets in Resources */ = {isa = PBXBuildFile; fileRef = B76F5B622A0007B200D319E4 /* Assets.xcassets */; };
		B76F5B662A0007B200D319E4 /* Preview Assets.xcassets in Resources */ = {isa = PBXBuildFile; fileRef = B76F5B652A0007B200D319E4 /* Preview Assets.xcassets */; };
		B7A77F2D2A02FCD8000CF355 /* NewMessageView.swift in Sources */ = {isa = PBXBuildFile; fileRef = B7A77F2C2A02FCD8000CF355 /* NewMessageView.swift */; };
		B7A77F2F2A02FCE8000CF355 /* NewMessageViewModel.swift in Sources */ = {isa = PBXBuildFile; fileRef = B7A77F2E2A02FCE8000CF355 /* NewMessageViewModel.swift */; };
		B7B386892A03A17E0065FBEA /* ChatLogView.swift in Sources */ = {isa = PBXBuildFile; fileRef = B7B386882A03A17E0065FBEA /* ChatLogView.swift */; };
		B7BCC4ED2A01ACE000167FD4 /* MainMessagesViewModel.swift in Sources */ = {isa = PBXBuildFile; fileRef = B7BCC4EC2A01ACE000167FD4 /* MainMessagesViewModel.swift */; };
		B7BCC4F02A01BA9B00167FD4 /* Kingfisher in Frameworks */ = {isa = PBXBuildFile; productRef = B7BCC4EF2A01BA9B00167FD4 /* Kingfisher */; };
		B7C2DAA42A003573003B981D /* AuthViewModel.swift in Sources */ = {isa = PBXBuildFile; fileRef = B7C2DAA32A003573003B981D /* AuthViewModel.swift */; };
		B7C5220F2A01261C00E52B57 /* ImagePicker.swift in Sources */ = {isa = PBXBuildFile; fileRef = B7C5220E2A01261C00E52B57 /* ImagePicker.swift */; };
		B7E11A4F2A015FA7006E3DC3 /* FirebaseAuth in Frameworks */ = {isa = PBXBuildFile; productRef = B7E11A4E2A015FA7006E3DC3 /* FirebaseAuth */; };
		B7E11A512A015FA7006E3DC3 /* FirebaseFirestore in Frameworks */ = {isa = PBXBuildFile; productRef = B7E11A502A015FA7006E3DC3 /* FirebaseFirestore */; };
		B7E11A532A015FA7006E3DC3 /* FirebaseFirestoreSwift in Frameworks */ = {isa = PBXBuildFile; productRef = B7E11A522A015FA7006E3DC3 /* FirebaseFirestoreSwift */; };
		B7E11A552A015FA7006E3DC3 /* FirebaseStorage in Frameworks */ = {isa = PBXBuildFile; productRef = B7E11A542A015FA7006E3DC3 /* FirebaseStorage */; };
		B7E11A572A01603A006E3DC3 /* GoogleService-Info.plist in Resources */ = {isa = PBXBuildFile; fileRef = B7E11A562A01603A006E3DC3 /* GoogleService-Info.plist */; };
		B7E11A5C2A016E83006E3DC3 /* MainMessagesView.swift in Sources */ = {isa = PBXBuildFile; fileRef = B7E11A5B2A016E83006E3DC3 /* MainMessagesView.swift */; };
/* End PBXBuildFile section */

/* Begin PBXFileReference section */
		B706D9132A02906600462D26 /* ChatUser.swift */ = {isa = PBXFileReference; lastKnownFileType = sourcecode.swift; path = ChatUser.swift; sourceTree = "<group>"; };
		B76F5B5B2A0007B100D319E4 /* SwiftUIChatFirebase.app */ = {isa = PBXFileReference; explicitFileType = wrapper.application; includeInIndex = 0; path = SwiftUIChatFirebase.app; sourceTree = BUILT_PRODUCTS_DIR; };
		B76F5B5E2A0007B100D319E4 /* SwiftUIChatFirebaseApp.swift */ = {isa = PBXFileReference; lastKnownFileType = sourcecode.swift; path = SwiftUIChatFirebaseApp.swift; sourceTree = "<group>"; };
		B76F5B602A0007B100D319E4 /* LoginView.swift */ = {isa = PBXFileReference; lastKnownFileType = sourcecode.swift; path = LoginView.swift; sourceTree = "<group>"; };
		B76F5B622A0007B200D319E4 /* Assets.xcassets */ = {isa = PBXFileReference; lastKnownFileType = folder.assetcatalog; path = Assets.xcassets; sourceTree = "<group>"; };
		B76F5B652A0007B200D319E4 /* Preview Assets.xcassets */ = {isa = PBXFileReference; lastKnownFileType = folder.assetcatalog; path = "Preview Assets.xcassets"; sourceTree = "<group>"; };
		B7A77F2C2A02FCD8000CF355 /* NewMessageView.swift */ = {isa = PBXFileReference; lastKnownFileType = sourcecode.swift; path = NewMessageView.swift; sourceTree = "<group>"; };
		B7A77F2E2A02FCE8000CF355 /* NewMessageViewModel.swift */ = {isa = PBXFileReference; lastKnownFileType = sourcecode.swift; path = NewMessageViewModel.swift; sourceTree = "<group>"; };
		B7B386882A03A17E0065FBEA /* ChatLogView.swift */ = {isa = PBXFileReference; lastKnownFileType = sourcecode.swift; path = ChatLogView.swift; sourceTree = "<group>"; };
		B7BCC4EC2A01ACE000167FD4 /* MainMessagesViewModel.swift */ = {isa = PBXFileReference; lastKnownFileType = sourcecode.swift; path = MainMessagesViewModel.swift; sourceTree = "<group>"; };
		B7C2DAA32A003573003B981D /* AuthViewModel.swift */ = {isa = PBXFileReference; lastKnownFileType = sourcecode.swift; path = AuthViewModel.swift; sourceTree = "<group>"; };
		B7C5220E2A01261C00E52B57 /* ImagePicker.swift */ = {isa = PBXFileReference; lastKnownFileType = sourcecode.swift; path = ImagePicker.swift; sourceTree = "<group>"; };
		B7E11A562A01603A006E3DC3 /* GoogleService-Info.plist */ = {isa = PBXFileReference; fileEncoding = 4; lastKnownFileType = text.plist.xml; path = "GoogleService-Info.plist"; sourceTree = "<group>"; };
		B7E11A5B2A016E83006E3DC3 /* MainMessagesView.swift */ = {isa = PBXFileReference; lastKnownFileType = sourcecode.swift; path = MainMessagesView.swift; sourceTree = "<group>"; };
/* End PBXFileReference section */

/* Begin PBXFrameworksBuildPhase section */
		B76F5B582A0007B100D319E4 /* Frameworks */ = {
			isa = PBXFrameworksBuildPhase;
			buildActionMask = 2147483647;
			files = (
				B7E11A4F2A015FA7006E3DC3 /* FirebaseAuth in Frameworks */,
				B7E11A552A015FA7006E3DC3 /* FirebaseStorage in Frameworks */,
				B7E11A512A015FA7006E3DC3 /* FirebaseFirestore in Frameworks */,
				B7E11A532A015FA7006E3DC3 /* FirebaseFirestoreSwift in Frameworks */,
				B7BCC4F02A01BA9B00167FD4 /* Kingfisher in Frameworks */,
			);
			runOnlyForDeploymentPostprocessing = 0;
		};
/* End PBXFrameworksBuildPhase section */

/* Begin PBXGroup section */
		B706D9122A02904B00462D26 /* Model */ = {
			isa = PBXGroup;
			children = (
				B706D9132A02906600462D26 /* ChatUser.swift */,
			);
			path = Model;
			sourceTree = "<group>";
		};
		B76F5B522A0007B100D319E4 = {
			isa = PBXGroup;
			children = (
				B76F5B5D2A0007B100D319E4 /* SwiftUIChatFirebase */,
				B76F5B5C2A0007B100D319E4 /* Products */,
			);
			sourceTree = "<group>";
		};
		B76F5B5C2A0007B100D319E4 /* Products */ = {
			isa = PBXGroup;
			children = (
				B76F5B5B2A0007B100D319E4 /* SwiftUIChatFirebase.app */,
			);
			name = Products;
			sourceTree = "<group>";
		};
		B76F5B5D2A0007B100D319E4 /* SwiftUIChatFirebase */ = {
			isa = PBXGroup;
			children = (
				B7B386842A03A1490065FBEA /* Core */,
				B706D9122A02904B00462D26 /* Model */,
				B7C5220D2A01260600E52B57 /* Utilities */,
				B7C2DA9E2A002530003B981D /* Authentication */,
				B76F5B5E2A0007B100D319E4 /* SwiftUIChatFirebaseApp.swift */,
				B7E11A562A01603A006E3DC3 /* GoogleService-Info.plist */,
				B76F5B622A0007B200D319E4 /* Assets.xcassets */,
				B76F5B642A0007B200D319E4 /* Preview Content */,
			);
			path = SwiftUIChatFirebase;
			sourceTree = "<group>";
		};
		B76F5B642A0007B200D319E4 /* Preview Content */ = {
			isa = PBXGroup;
			children = (
				B76F5B652A0007B200D319E4 /* Preview Assets.xcassets */,
			);
			path = "Preview Content";
			sourceTree = "<group>";
		};
		B7A77F292A02FC83000CF355 /* NewMessage */ = {
			isa = PBXGroup;
			children = (
				B7A77F2B2A02FCAB000CF355 /* ViewModels */,
				B7A77F2A2A02FCA2000CF355 /* Views */,
			);
			path = NewMessage;
			sourceTree = "<group>";
		};
		B7A77F2A2A02FCA2000CF355 /* Views */ = {
			isa = PBXGroup;
			children = (
				B7A77F2C2A02FCD8000CF355 /* NewMessageView.swift */,
			);
			path = Views;
			sourceTree = "<group>";
		};
		B7A77F2B2A02FCAB000CF355 /* ViewModels */ = {
			isa = PBXGroup;
			children = (
				B7A77F2E2A02FCE8000CF355 /* NewMessageViewModel.swift */,
			);
			path = ViewModels;
			sourceTree = "<group>";
		};
		B7B386842A03A1490065FBEA /* Core */ = {
			isa = PBXGroup;
			children = (
				B7B386852A03A1560065FBEA /* ChatLog */,
				B7E11A582A016E2E006E3DC3 /* MainMessages */,
				B7A77F292A02FC83000CF355 /* NewMessage */,
			);
			path = Core;
			sourceTree = "<group>";
		};
		B7B386852A03A1560065FBEA /* ChatLog */ = {
			isa = PBXGroup;
			children = (
				B7B386872A03A16A0065FBEA /* ViewModels */,
				B7B386862A03A1630065FBEA /* Views */,
			);
			path = ChatLog;
			sourceTree = "<group>";
		};
		B7B386862A03A1630065FBEA /* Views */ = {
			isa = PBXGroup;
			children = (
				B7B386882A03A17E0065FBEA /* ChatLogView.swift */,
			);
			path = Views;
			sourceTree = "<group>";
		};
		B7B386872A03A16A0065FBEA /* ViewModels */ = {
			isa = PBXGroup;
			children = (
			);
			path = ViewModels;
			sourceTree = "<group>";
		};
		B7C2DA9E2A002530003B981D /* Authentication */ = {
			isa = PBXGroup;
			children = (
				B7C2DAA02A002557003B981D /* ViewModels */,
				B7C2DA9F2A002546003B981D /* Views */,
			);
			path = Authentication;
			sourceTree = "<group>";
		};
		B7C2DA9F2A002546003B981D /* Views */ = {
			isa = PBXGroup;
			children = (
				B76F5B602A0007B100D319E4 /* LoginView.swift */,
			);
			path = Views;
			sourceTree = "<group>";
		};
		B7C2DAA02A002557003B981D /* ViewModels */ = {
			isa = PBXGroup;
			children = (
				B7C2DAA32A003573003B981D /* AuthViewModel.swift */,
			);
			path = ViewModels;
			sourceTree = "<group>";
		};
		B7C5220D2A01260600E52B57 /* Utilities */ = {
			isa = PBXGroup;
			children = (
				B7C5220E2A01261C00E52B57 /* ImagePicker.swift */,
			);
			path = Utilities;
			sourceTree = "<group>";
		};
		B7E11A582A016E2E006E3DC3 /* MainMessages */ = {
			isa = PBXGroup;
			children = (
				B7E11A5A2A016E69006E3DC3 /* ViewModels */,
				B7E11A592A016E5A006E3DC3 /* Views */,
			);
			path = MainMessages;
			sourceTree = "<group>";
		};
		B7E11A592A016E5A006E3DC3 /* Views */ = {
			isa = PBXGroup;
			children = (
				B7E11A5B2A016E83006E3DC3 /* MainMessagesView.swift */,
			);
			path = Views;
			sourceTree = "<group>";
		};
		B7E11A5A2A016E69006E3DC3 /* ViewModels */ = {
			isa = PBXGroup;
			children = (
				B7BCC4EC2A01ACE000167FD4 /* MainMessagesViewModel.swift */,
			);
			path = ViewModels;
			sourceTree = "<group>";
		};
/* End PBXGroup section */

/* Begin PBXNativeTarget section */
		B76F5B5A2A0007B100D319E4 /* SwiftUIChatFirebase */ = {
			isa = PBXNativeTarget;
			buildConfigurationList = B76F5B692A0007B200D319E4 /* Build configuration list for PBXNativeTarget "SwiftUIChatFirebase" */;
			buildPhases = (
				B76F5B572A0007B100D319E4 /* Sources */,
				B76F5B582A0007B100D319E4 /* Frameworks */,
				B76F5B592A0007B100D319E4 /* Resources */,
			);
			buildRules = (
			);
			dependencies = (
			);
			name = SwiftUIChatFirebase;
			packageProductDependencies = (
				B7E11A4E2A015FA7006E3DC3 /* FirebaseAuth */,
				B7E11A502A015FA7006E3DC3 /* FirebaseFirestore */,
				B7E11A522A015FA7006E3DC3 /* FirebaseFirestoreSwift */,
				B7E11A542A015FA7006E3DC3 /* FirebaseStorage */,
				B7BCC4EF2A01BA9B00167FD4 /* Kingfisher */,
			);
			productName = SwiftUIChatFirebase;
			productReference = B76F5B5B2A0007B100D319E4 /* SwiftUIChatFirebase.app */;
			productType = "com.apple.product-type.application";
		};
/* End PBXNativeTarget section */

/* Begin PBXProject section */
		B76F5B532A0007B100D319E4 /* Project object */ = {
			isa = PBXProject;
			attributes = {
				BuildIndependentTargetsInParallel = 1;
				LastSwiftUpdateCheck = 1430;
				LastUpgradeCheck = 1430;
				TargetAttributes = {
					B76F5B5A2A0007B100D319E4 = {
						CreatedOnToolsVersion = 14.3;
					};
				};
			};
			buildConfigurationList = B76F5B562A0007B100D319E4 /* Build configuration list for PBXProject "SwiftUIChatFirebase" */;
			compatibilityVersion = "Xcode 14.0";
			developmentRegion = en;
			hasScannedForEncodings = 0;
			knownRegions = (
				en,
				Base,
			);
			mainGroup = B76F5B522A0007B100D319E4;
			packageReferences = (
				B7E11A4D2A015FA7006E3DC3 /* XCRemoteSwiftPackageReference "firebase-ios-sdk" */,
				B7BCC4EE2A01BA9B00167FD4 /* XCRemoteSwiftPackageReference "Kingfisher" */,
			);
			productRefGroup = B76F5B5C2A0007B100D319E4 /* Products */;
			projectDirPath = "";
			projectRoot = "";
			targets = (
				B76F5B5A2A0007B100D319E4 /* SwiftUIChatFirebase */,
			);
		};
/* End PBXProject section */

/* Begin PBXResourcesBuildPhase section */
		B76F5B592A0007B100D319E4 /* Resources */ = {
			isa = PBXResourcesBuildPhase;
			buildActionMask = 2147483647;
			files = (
				B76F5B662A0007B200D319E4 /* Preview Assets.xcassets in Resources */,
				B7E11A572A01603A006E3DC3 /* GoogleService-Info.plist in Resources */,
				B76F5B632A0007B200D319E4 /* Assets.xcassets in Resources */,
			);
			runOnlyForDeploymentPostprocessing = 0;
		};
/* End PBXResourcesBuildPhase section */

/* Begin PBXSourcesBuildPhase section */
		B76F5B572A0007B100D319E4 /* Sources */ = {
			isa = PBXSourcesBuildPhase;
			buildActionMask = 2147483647;
			files = (
				B706D9142A02906600462D26 /* ChatUser.swift in Sources */,
				B7B386892A03A17E0065FBEA /* ChatLogView.swift in Sources */,
				B7A77F2D2A02FCD8000CF355 /* NewMessageView.swift in Sources */,
				B76F5B612A0007B100D319E4 /* LoginView.swift in Sources */,
				B7A77F2F2A02FCE8000CF355 /* NewMessageViewModel.swift in Sources */,
				B7C5220F2A01261C00E52B57 /* ImagePicker.swift in Sources */,
				B76F5B5F2A0007B100D319E4 /* SwiftUIChatFirebaseApp.swift in Sources */,
				B7C2DAA42A003573003B981D /* AuthViewModel.swift in Sources */,
				B7E11A5C2A016E83006E3DC3 /* MainMessagesView.swift in Sources */,
				B7BCC4ED2A01ACE000167FD4 /* MainMessagesViewModel.swift in Sources */,
			);
			runOnlyForDeploymentPostprocessing = 0;
		};
/* End PBXSourcesBuildPhase section */

/* Begin XCBuildConfiguration section */
		B76F5B672A0007B200D319E4 /* Debug */ = {
			isa = XCBuildConfiguration;
			buildSettings = {
				ALWAYS_SEARCH_USER_PATHS = NO;
				CLANG_ANALYZER_NONNULL = YES;
				CLANG_ANALYZER_NUMBER_OBJECT_CONVERSION = YES_AGGRESSIVE;
				CLANG_CXX_LANGUAGE_STANDARD = "gnu++20";
				CLANG_ENABLE_MODULES = YES;
				CLANG_ENABLE_OBJC_ARC = YES;
				CLANG_ENABLE_OBJC_WEAK = YES;
				CLANG_WARN_BLOCK_CAPTURE_AUTORELEASING = YES;
				CLANG_WARN_BOOL_CONVERSION = YES;
				CLANG_WARN_COMMA = YES;
				CLANG_WARN_CONSTANT_CONVERSION = YES;
				CLANG_WARN_DEPRECATED_OBJC_IMPLEMENTATIONS = YES;
				CLANG_WARN_DIRECT_OBJC_ISA_USAGE = YES_ERROR;
				CLANG_WARN_DOCUMENTATION_COMMENTS = YES;
				CLANG_WARN_EMPTY_BODY = YES;
				CLANG_WARN_ENUM_CONVERSION = YES;
				CLANG_WARN_INFINITE_RECURSION = YES;
				CLANG_WARN_INT_CONVERSION = YES;
				CLANG_WARN_NON_LITERAL_NULL_CONVERSION = YES;
				CLANG_WARN_OBJC_IMPLICIT_RETAIN_SELF = YES;
				CLANG_WARN_OBJC_LITERAL_CONVERSION = YES;
				CLANG_WARN_OBJC_ROOT_CLASS = YES_ERROR;
				CLANG_WARN_QUOTED_INCLUDE_IN_FRAMEWORK_HEADER = YES;
				CLANG_WARN_RANGE_LOOP_ANALYSIS = YES;
				CLANG_WARN_STRICT_PROTOTYPES = YES;
				CLANG_WARN_SUSPICIOUS_MOVE = YES;
				CLANG_WARN_UNGUARDED_AVAILABILITY = YES_AGGRESSIVE;
				CLANG_WARN_UNREACHABLE_CODE = YES;
				CLANG_WARN__DUPLICATE_METHOD_MATCH = YES;
				COPY_PHASE_STRIP = NO;
				DEBUG_INFORMATION_FORMAT = dwarf;
				ENABLE_STRICT_OBJC_MSGSEND = YES;
				ENABLE_TESTABILITY = YES;
				GCC_C_LANGUAGE_STANDARD = gnu11;
				GCC_DYNAMIC_NO_PIC = NO;
				GCC_NO_COMMON_BLOCKS = YES;
				GCC_OPTIMIZATION_LEVEL = 0;
				GCC_PREPROCESSOR_DEFINITIONS = (
					"DEBUG=1",
					"$(inherited)",
				);
				GCC_WARN_64_TO_32_BIT_CONVERSION = YES;
				GCC_WARN_ABOUT_RETURN_TYPE = YES_ERROR;
				GCC_WARN_UNDECLARED_SELECTOR = YES;
				GCC_WARN_UNINITIALIZED_AUTOS = YES_AGGRESSIVE;
				GCC_WARN_UNUSED_FUNCTION = YES;
				GCC_WARN_UNUSED_VARIABLE = YES;
				IPHONEOS_DEPLOYMENT_TARGET = 16.4;
				MTL_ENABLE_DEBUG_INFO = INCLUDE_SOURCE;
				MTL_FAST_MATH = YES;
				ONLY_ACTIVE_ARCH = YES;
				SDKROOT = iphoneos;
				SWIFT_ACTIVE_COMPILATION_CONDITIONS = DEBUG;
				SWIFT_OPTIMIZATION_LEVEL = "-Onone";
			};
			name = Debug;
		};
		B76F5B682A0007B200D319E4 /* Release */ = {
			isa = XCBuildConfiguration;
			buildSettings = {
				ALWAYS_SEARCH_USER_PATHS = NO;
				CLANG_ANALYZER_NONNULL = YES;
				CLANG_ANALYZER_NUMBER_OBJECT_CONVERSION = YES_AGGRESSIVE;
				CLANG_CXX_LANGUAGE_STANDARD = "gnu++20";
				CLANG_ENABLE_MODULES = YES;
				CLANG_ENABLE_OBJC_ARC = YES;
				CLANG_ENABLE_OBJC_WEAK = YES;
				CLANG_WARN_BLOCK_CAPTURE_AUTORELEASING = YES;
				CLANG_WARN_BOOL_CONVERSION = YES;
				CLANG_WARN_COMMA = YES;
				CLANG_WARN_CONSTANT_CONVERSION = YES;
				CLANG_WARN_DEPRECATED_OBJC_IMPLEMENTATIONS = YES;
				CLANG_WARN_DIRECT_OBJC_ISA_USAGE = YES_ERROR;
				CLANG_WARN_DOCUMENTATION_COMMENTS = YES;
				CLANG_WARN_EMPTY_BODY = YES;
				CLANG_WARN_ENUM_CONVERSION = YES;
				CLANG_WARN_INFINITE_RECURSION = YES;
				CLANG_WARN_INT_CONVERSION = YES;
				CLANG_WARN_NON_LITERAL_NULL_CONVERSION = YES;
				CLANG_WARN_OBJC_IMPLICIT_RETAIN_SELF = YES;
				CLANG_WARN_OBJC_LITERAL_CONVERSION = YES;
				CLANG_WARN_OBJC_ROOT_CLASS = YES_ERROR;
				CLANG_WARN_QUOTED_INCLUDE_IN_FRAMEWORK_HEADER = YES;
				CLANG_WARN_RANGE_LOOP_ANALYSIS = YES;
				CLANG_WARN_STRICT_PROTOTYPES = YES;
				CLANG_WARN_SUSPICIOUS_MOVE = YES;
				CLANG_WARN_UNGUARDED_AVAILABILITY = YES_AGGRESSIVE;
				CLANG_WARN_UNREACHABLE_CODE = YES;
				CLANG_WARN__DUPLICATE_METHOD_MATCH = YES;
				COPY_PHASE_STRIP = NO;
				DEBUG_INFORMATION_FORMAT = "dwarf-with-dsym";
				ENABLE_NS_ASSERTIONS = NO;
				ENABLE_STRICT_OBJC_MSGSEND = YES;
				GCC_C_LANGUAGE_STANDARD = gnu11;
				GCC_NO_COMMON_BLOCKS = YES;
				GCC_WARN_64_TO_32_BIT_CONVERSION = YES;
				GCC_WARN_ABOUT_RETURN_TYPE = YES_ERROR;
				GCC_WARN_UNDECLARED_SELECTOR = YES;
				GCC_WARN_UNINITIALIZED_AUTOS = YES_AGGRESSIVE;
				GCC_WARN_UNUSED_FUNCTION = YES;
				GCC_WARN_UNUSED_VARIABLE = YES;
				IPHONEOS_DEPLOYMENT_TARGET = 16.4;
				MTL_ENABLE_DEBUG_INFO = NO;
				MTL_FAST_MATH = YES;
				SDKROOT = iphoneos;
				SWIFT_COMPILATION_MODE = wholemodule;
				SWIFT_OPTIMIZATION_LEVEL = "-O";
				VALIDATE_PRODUCT = YES;
			};
			name = Release;
		};
		B76F5B6A2A0007B200D319E4 /* Debug */ = {
			isa = XCBuildConfiguration;
			buildSettings = {
				ASSETCATALOG_COMPILER_APPICON_NAME = AppIcon;
				ASSETCATALOG_COMPILER_GLOBAL_ACCENT_COLOR_NAME = AccentColor;
				CODE_SIGN_STYLE = Automatic;
				CURRENT_PROJECT_VERSION = 1;
				DEVELOPMENT_ASSET_PATHS = "\"SwiftUIChatFirebase/Preview Content\"";
				DEVELOPMENT_TEAM = 6MCGW4D96C;
				ENABLE_PREVIEWS = YES;
				GENERATE_INFOPLIST_FILE = YES;
				INFOPLIST_KEY_UIApplicationSceneManifest_Generation = YES;
				INFOPLIST_KEY_UIApplicationSupportsIndirectInputEvents = YES;
				INFOPLIST_KEY_UILaunchScreen_Generation = YES;
				INFOPLIST_KEY_UISupportedInterfaceOrientations_iPad = "UIInterfaceOrientationPortrait UIInterfaceOrientationPortraitUpsideDown UIInterfaceOrientationLandscapeLeft UIInterfaceOrientationLandscapeRight";
				INFOPLIST_KEY_UISupportedInterfaceOrientations_iPhone = "UIInterfaceOrientationPortrait UIInterfaceOrientationLandscapeLeft UIInterfaceOrientationLandscapeRight";
				LD_RUNPATH_SEARCH_PATHS = (
					"$(inherited)",
					"@executable_path/Frameworks",
				);
				MARKETING_VERSION = 1.0;
				PRODUCT_BUNDLE_IDENTIFIER = com.dimitrijevolarevic.SwiftUIChatFirebase;
				PRODUCT_NAME = "$(TARGET_NAME)";
				SWIFT_EMIT_LOC_STRINGS = YES;
				SWIFT_VERSION = 5.0;
				TARGETED_DEVICE_FAMILY = "1,2";
			};
			name = Debug;
		};
		B76F5B6B2A0007B200D319E4 /* Release */ = {
			isa = XCBuildConfiguration;
			buildSettings = {
				ASSETCATALOG_COMPILER_APPICON_NAME = AppIcon;
				ASSETCATALOG_COMPILER_GLOBAL_ACCENT_COLOR_NAME = AccentColor;
				CODE_SIGN_STYLE = Automatic;
				CURRENT_PROJECT_VERSION = 1;
				DEVELOPMENT_ASSET_PATHS = "\"SwiftUIChatFirebase/Preview Content\"";
				DEVELOPMENT_TEAM = 6MCGW4D96C;
				ENABLE_PREVIEWS = YES;
				GENERATE_INFOPLIST_FILE = YES;
				INFOPLIST_KEY_UIApplicationSceneManifest_Generation = YES;
				INFOPLIST_KEY_UIApplicationSupportsIndirectInputEvents = YES;
				INFOPLIST_KEY_UILaunchScreen_Generation = YES;
				INFOPLIST_KEY_UISupportedInterfaceOrientations_iPad = "UIInterfaceOrientationPortrait UIInterfaceOrientationPortraitUpsideDown UIInterfaceOrientationLandscapeLeft UIInterfaceOrientationLandscapeRight";
				INFOPLIST_KEY_UISupportedInterfaceOrientations_iPhone = "UIInterfaceOrientationPortrait UIInterfaceOrientationLandscapeLeft UIInterfaceOrientationLandscapeRight";
				LD_RUNPATH_SEARCH_PATHS = (
					"$(inherited)",
					"@executable_path/Frameworks",
				);
				MARKETING_VERSION = 1.0;
				PRODUCT_BUNDLE_IDENTIFIER = com.dimitrijevolarevic.SwiftUIChatFirebase;
				PRODUCT_NAME = "$(TARGET_NAME)";
				SWIFT_EMIT_LOC_STRINGS = YES;
				SWIFT_VERSION = 5.0;
				TARGETED_DEVICE_FAMILY = "1,2";
			};
			name = Release;
		};
/* End XCBuildConfiguration section */

/* Begin XCConfigurationList section */
		B76F5B562A0007B100D319E4 /* Build configuration list for PBXProject "SwiftUIChatFirebase" */ = {
			isa = XCConfigurationList;
			buildConfigurations = (
				B76F5B672A0007B200D319E4 /* Debug */,
				B76F5B682A0007B200D319E4 /* Release */,
			);
			defaultConfigurationIsVisible = 0;
			defaultConfigurationName = Release;
		};
		B76F5B692A0007B200D319E4 /* Build configuration list for PBXNativeTarget "SwiftUIChatFirebase" */ = {
			isa = XCConfigurationList;
			buildConfigurations = (
				B76F5B6A2A0007B200D319E4 /* Debug */,
				B76F5B6B2A0007B200D319E4 /* Release */,
			);
			defaultConfigurationIsVisible = 0;
			defaultConfigurationName = Release;
		};
/* End XCConfigurationList section */

/* Begin XCRemoteSwiftPackageReference section */
		B7BCC4EE2A01BA9B00167FD4 /* XCRemoteSwiftPackageReference "Kingfisher" */ = {
			isa = XCRemoteSwiftPackageReference;
			repositoryURL = "https://github.com/onevcat/Kingfisher.git";
			requirement = {
				kind = upToNextMajorVersion;
				minimumVersion = 7.0.0;
			};
		};
		B7E11A4D2A015FA7006E3DC3 /* XCRemoteSwiftPackageReference "firebase-ios-sdk" */ = {
			isa = XCRemoteSwiftPackageReference;
			repositoryURL = "https://github.com/firebase/firebase-ios-sdk.git";
			requirement = {
				kind = upToNextMajorVersion;
				minimumVersion = 10.0.0;
			};
		};
/* End XCRemoteSwiftPackageReference section */

/* Begin XCSwiftPackageProductDependency section */
		B7BCC4EF2A01BA9B00167FD4 /* Kingfisher */ = {
			isa = XCSwiftPackageProductDependency;
			package = B7BCC4EE2A01BA9B00167FD4 /* XCRemoteSwiftPackageReference "Kingfisher" */;
			productName = Kingfisher;
		};
		B7E11A4E2A015FA7006E3DC3 /* FirebaseAuth */ = {
			isa = XCSwiftPackageProductDependency;
			package = B7E11A4D2A015FA7006E3DC3 /* XCRemoteSwiftPackageReference "firebase-ios-sdk" */;
			productName = FirebaseAuth;
		};
		B7E11A502A015FA7006E3DC3 /* FirebaseFirestore */ = {
			isa = XCSwiftPackageProductDependency;
			package = B7E11A4D2A015FA7006E3DC3 /* XCRemoteSwiftPackageReference "firebase-ios-sdk" */;
			productName = FirebaseFirestore;
		};
		B7E11A522A015FA7006E3DC3 /* FirebaseFirestoreSwift */ = {
			isa = XCSwiftPackageProductDependency;
			package = B7E11A4D2A015FA7006E3DC3 /* XCRemoteSwiftPackageReference "firebase-ios-sdk" */;
			productName = FirebaseFirestoreSwift;
		};
		B7E11A542A015FA7006E3DC3 /* FirebaseStorage */ = {
			isa = XCSwiftPackageProductDependency;
			package = B7E11A4D2A015FA7006E3DC3 /* XCRemoteSwiftPackageReference "firebase-ios-sdk" */;
			productName = FirebaseStorage;
		};
/* End XCSwiftPackageProductDependency section */
	};
	rootObject = B76F5B532A0007B100D319E4 /* Project object */;
}
